{
  "lockfileVersion": 1,
  "configVersion": 1,
  "workspaces": {
    "": {
      "name": "{{project_name}}",
      "devDependencies": {
        "@types/bun": "^1.3.11",
        "oxlint": "^1",
        "typescript": "^5",
      },
    },
  },
  "packages": {
    "@oxlint/binding-android-arm-eabi": ["@oxlint/binding-android-arm-eabi@1.57.0", "https://registry.npmmirror.com/@oxlint/binding-android-arm-eabi/-/binding-android-arm-eabi-1.57.0.tgz", { "os": "android", "cpu": "arm" }, "sha512-C7EiyfAJG4B70496eV543nKiq5cH0o/xIh/ufbjQz3SIvHhlDDsyn+mRFh+aW8KskTyUpyH2LGWL8p2oN6bl1A=="],

    "@oxlint/binding-android-arm64": ["@oxlint/binding-android-arm64@1.57.0", "https://registry.npmmirror.com/@oxlint/binding-android-arm64/-/binding-android-arm64-1.57.0.tgz", { "os": "android", "cpu": "arm64" }, "sha512-9i80AresjZ/FZf5xK8tKFbhQnijD4s1eOZw6/FHUwD59HEZbVLRc2C88ADYJfLZrF5XofWDiRX/Ja9KefCLy7w=="],

    "@oxlint/binding-darwin-arm64": ["@oxlint/binding-darwin-arm64@1.57.0", "https://registry.npmmirror.com/@oxlint/binding-darwin-arm64/-/binding-darwin-arm64-1.57.0.tgz", { "os": "darwin", "cpu": "arm64" }, "sha512-0eUfhRz5L2yKa9I8k3qpyl37XK3oBS5BvrgdVIx599WZK63P8sMbg+0s4IuxmIiZuBK68Ek+Z+gcKgeYf0otsg=="],

    "@oxlint/binding-darwin-x64": ["@oxlint/binding-darwin-x64@1.57.0", "https://registry.npmmirror.com/@oxlint/binding-darwin-x64/-/binding-darwin-x64-1.57.0.tgz", { "os": "darwin", "cpu": "x64" }, "sha512-UvrSuzBaYOue+QMAcuDITe0k/Vhj6KZGjfnI6x+NkxBTke/VoM7ZisaxgNY0LWuBkTnd1OmeQfEQdQ48fRjkQg=="],

    "@oxlint/binding-freebsd-x64": ["@oxlint/binding-freebsd-x64@1.57.0", "https://registry.npmmirror.com/@oxlint/binding-freebsd-x64/-/binding-freebsd-x64-1.57.0.tgz", { "os": "freebsd", "cpu": "x64" }, "sha512-wtQq0dCoiw4bUwlsNVDJJ3pxJA218fOezpgtLKrbQqUtQJcM9yP8z+I9fu14aHg0uyAxIY+99toL6uBa2r7nxA=="],

    "@oxlint/binding-linux-arm-gnueabihf": ["@oxlint/binding-linux-arm-gnueabihf@1.57.0", "https://registry.npmmirror.com/@oxlint/binding-linux-arm-gnueabihf/-/binding-linux-arm-gnueabihf-1.57.0.tgz", { "os": "linux", "cpu": "arm" }, "sha512-qxFWl2BBBFcT4djKa+OtMdnLgoHEJXpqjyGwz8OhW35ImoCwR5qtAGqApNYce5260FQqoAHW8S8eZTjiX67Tsg=="],

    "@oxlint/binding-linux-arm-musleabihf": ["@oxlint/binding-linux-arm-musleabihf@1.57.0", "https://registry.npmmirror.com/@oxlint/binding-linux-arm-musleabihf/-/binding-linux-arm-musleabihf-1.57.0.tgz", { "os": "linux", "cpu": "arm" }, "sha512-SQoIsBU7J0bDW15/f0/RvxHfY3Y0+eB/caKBQtNFbuerTiA6JCYx9P1MrrFTwY2dTm/lMgTSgskvCEYk2AtG/Q=="],

    "@oxlint/binding-linux-arm64-gnu": ["@oxlint/binding-linux-arm64-gnu@1.57.0", "https://registry.npmmirror.com/@oxlint/binding-linux-arm64-gnu/-/binding-linux-arm64-gnu-1.57.0.tgz", { "os": "linux", "cpu": "arm64" }, "sha512-jqxYd1W6WMeozsCmqe9Rzbu3SRrGTyGDAipRlRggetyYbUksJqJKvUNTQtZR/KFoJPb+grnSm5SHhdWrywv3RQ=="],

    "@oxlint/binding-linux-arm64-musl": ["@oxlint/binding-linux-arm64-musl@1.57.0", "https://registry.npmmirror.com/@oxlint/binding-linux-arm64-musl/-/binding-linux-arm64-musl-1.57.0.tgz", { "os": "linux", "cpu": "arm64" }, "sha512-i66WyEPVEvq9bxRUCJ/MP5EBfnTDN3nhwEdFZFTO5MmLLvzngfWEG3NSdXQzTT3vk5B9i6C2XSIYBh+aG6uqyg=="],

    "@oxlint/binding-linux-ppc64-gnu": ["@oxlint/binding-linux-ppc64-gnu@1.57.0", "https://registry.npmmirror.com/@oxlint/binding-linux-ppc64-gnu/-/binding-linux-ppc64-gnu-1.57.0.tgz", { "os": "linux", "cpu": "ppc64" }, "sha512-oMZDCwz4NobclZU3pH+V1/upVlJZiZvne4jQP+zhJwt+lmio4XXr4qG47CehvrW1Lx2YZiIHuxM2D4YpkG3KVA=="],

    "@oxlint/binding-linux-riscv64-gnu": ["@oxlint/binding-linux-riscv64-gnu@1.57.0", "https://registry.npmmirror.com/@oxlint/binding-linux-riscv64-gnu/-/binding-linux-riscv64-gnu-1.57.0.tgz", { "os": "linux", "cpu": "none" }, "sha512-uoBnjJ3MMEBbfnWC1jSFr7/nSCkcQYa72NYoNtLl1imshDnWSolYCjzb8LVCwYCCfLJXD+0gBLD7fyC14c0+0g=="],

    "@oxlint/binding-linux-riscv64-musl": ["@oxlint/binding-linux-riscv64-musl@1.57.0", "https://registry.npmmirror.com/@oxlint/binding-linux-riscv64-musl/-/binding-linux-riscv64-musl-1.57.0.tgz", { "os": "linux", "cpu": "none" }, "sha512-BdrwD7haPZ8a9KrZhKJRSj6jwCor+Z8tHFZ3PT89Y3Jq5v3LfMfEePeAmD0LOTWpiTmzSzdmyw9ijneapiVHKQ=="],

    "@oxlint/binding-linux-s390x-gnu": ["@oxlint/binding-linux-s390x-gnu@1.57.0", "https://registry.npmmirror.com/@oxlint/binding-linux-s390x-gnu/-/binding-linux-s390x-gnu-1.57.0.tgz", { "os": "linux", "cpu": "s390x" }, "sha512-BNs+7ZNsRstVg2tpNxAXfMX/Iv5oZh204dVyb8Z37+/gCh+yZqNTlg6YwCLIMPSk5wLWIGOaQjT0GUOahKYImw=="],

    "@oxlint/binding-linux-x64-gnu": ["@oxlint/binding-linux-x64-gnu@1.57.0", "https://registry.npmmirror.com/@oxlint/binding-linux-x64-gnu/-/binding-linux-x64-gnu-1.57.0.tgz", { "os": "linux", "cpu": "x64" }, "sha512-AghS18w+XcENcAX0+BQGLiqjpqpaxKJa4cWWP0OWNLacs27vHBxu7TYkv9LUSGe5w8lOJHeMxcYfZNOAPqw2bg=="],

    "@oxlint/binding-linux-x64-musl": ["@oxlint/binding-linux-x64-musl@1.57.0", "https://registry.npmmirror.com/@oxlint/binding-linux-x64-musl/-/binding-linux-x64-musl-1.57.0.tgz", { "os": "linux", "cpu": "x64" }, "sha512-E/FV3GB8phu/Rpkhz5T96hAiJlGzn91qX5yj5gU754P5cmVGXY1Jw/VSjDSlZBCY3VHjsVLdzgdkJaomEmcNOg=="],

    "@oxlint/binding-openharmony-arm64": ["@oxlint/binding-openharmony-arm64@1.57.0", "https://registry.npmmirror.com/@oxlint/binding-openharmony-arm64/-/binding-openharmony-arm64-1.57.0.tgz", { "os": "none", "cpu": "arm64" }, "sha512-xvZ2yZt0nUVfU14iuGv3V25jpr9pov5N0Wr28RXnHFxHCRxNDMtYPHV61gGLhN9IlXM96gI4pyYpLSJC5ClLCQ=="],

    "@oxlint/binding-win32-arm64-msvc": ["@oxlint/binding-win32-arm64-msvc@1.57.0", "https://registry.npmmirror.com/@oxlint/binding-win32-arm64-msvc/-/binding-win32-arm64-msvc-1.57.0.tgz", { "os": "win32", "cpu": "arm64" }, "sha512-Z4D8Pd0AyHBKeazhdIXeUUy5sIS3Mo0veOlzlDECg6PhRRKgEsBJCCV1n+keUZtQ04OP+i7+itS3kOykUyNhDg=="],

    "@oxlint/binding-win32-ia32-msvc": ["@oxlint/binding-win32-ia32-msvc@1.57.0", "https://registry.npmmirror.com/@oxlint/binding-win32-ia32-msvc/-/binding-win32-ia32-msvc-1.57.0.tgz", { "os": "win32", "cpu": "ia32" }, "sha512-StOZ9nFMVKvevicbQfql6Pouu9pgbeQnu60Fvhz2S6yfMaii+wnueLnqQ5I1JPgNF0Syew4voBlAaHD13wH6tw=="],

    "@oxlint/binding-win32-x64-msvc": ["@oxlint/binding-win32-x64-msvc@1.57.0", "https://registry.npmmirror.com/@oxlint/binding-win32-x64-msvc/-/binding-win32-x64-msvc-1.57.0.tgz", { "os": "win32", "cpu": "x64" }, "sha512-6PuxhYgth8TuW0+ABPOIkGdBYw+qYGxgIdXPHSVpiCDm+hqTTWCmC739St1Xni0DJBt8HnSHTG67i1y6gr8qrA=="],

    "@types/bun": ["@types/bun@1.3.11", "https://registry.npmmirror.com/@types/bun/-/bun-1.3.11.tgz", { "dependencies": { "bun-types": "1.3.11" } }, "sha512-5vPne5QvtpjGpsGYXiFyycfpDF2ECyPcTSsFBMa0fraoxiQyMJ3SmuQIGhzPg2WJuWxVBoxWJ2kClYTcw/4fAg=="],

    "@types/node": ["@types/node@25.5.0", "https://registry.npmmirror.com/@types/node/-/node-25.5.0.tgz", { "dependencies": { "undici-types": "~7.18.0" } }, "sha512-jp2P3tQMSxWugkCUKLRPVUpGaL5MVFwF8RDuSRztfwgN1wmqJeMSbKlnEtQqU8UrhTmzEmZdu2I6v2dpp7XIxw=="],

    "bun-types": ["bun-types@1.3.11", "https://registry.npmmirror.com/bun-types/-/bun-types-1.3.11.tgz", { "dependencies": { "@types/node": "*" } }, "sha512-1KGPpoxQWl9f6wcZh57LvrPIInQMn2TQ7jsgxqpRzg+l0QPOFvJVH7HmvHo/AiPgwXy+/Thf6Ov3EdVn1vOabg=="],

    "oxlint": ["oxlint@1.57.0", "https://registry.npmmirror.com/oxlint/-/oxlint-1.57.0.tgz", { "optionalDependencies": { "@oxlint/binding-android-arm-eabi": "1.57.0", "@oxlint/binding-android-arm64": "1.57.0", "@oxlint/binding-darwin-arm64": "1.57.0", "@oxlint/binding-darwin-x64": "1.57.0", "@oxlint/binding-freebsd-x64": "1.57.0", "@oxlint/binding-linux-arm-gnueabihf": "1.57.0", "@oxlint/binding-linux-arm-musleabihf": "1.57.0", "@oxlint/binding-linux-arm64-gnu": "1.57.0", "@oxlint/binding-linux-arm64-musl": "1.57.0", "@oxlint/binding-linux-ppc64-gnu": "1.57.0", "@oxlint/binding-linux-riscv64-gnu": "1.57.0", "@oxlint/binding-linux-riscv64-musl": "1.57.0", "@oxlint/binding-linux-s390x-gnu": "1.57.0", "@oxlint/binding-linux-x64-gnu": "1.57.0", "@oxlint/binding-linux-x64-musl": "1.57.0", "@oxlint/binding-openharmony-arm64": "1.57.0", "@oxlint/binding-win32-arm64-msvc": "1.57.0", "@oxlint/binding-win32-ia32-msvc": "1.57.0", "@oxlint/binding-win32-x64-msvc": "1.57.0" }, "peerDependencies": { "oxlint-tsgolint": ">=0.15.0" }, "optionalPeers": ["oxlint-tsgolint"], "bin": { "oxlint": "bin/oxlint" } }, "sha512-DGFsuBX5MFZX9yiDdtKjTrYPq45CZ8Fft6qCltJITYZxfwYjVdGf/6wycGYTACloauwIPxUnYhBVeZbHvleGhw=="],

    "typescript": ["typescript@5.9.3", "https://registry.npmmirror.com/typescript/-/typescript-5.9.3.tgz", { "bin": { "tsc": "bin/tsc", "tsserver": "bin/tsserver" } }, "sha512-jl1vZzPDinLr9eUt3J/t7V6FgNEw9QjvBPdysz9KfQDD41fQrC2Y4vKQdiaUpFT4bXlb1RHhLpp8wtm6M5TgSw=="],

    "undici-types": ["undici-types@7.18.2", "https://registry.npmmirror.com/undici-types/-/undici-types-7.18.2.tgz", {}, "sha512-AsuCzffGHJybSaRrmr5eHr81mwJU3kjw6M+uprWvCXiNeN9SOGwQ3Jn8jb8m3Z6izVgknn1R0FTCEAP2QrLY/w=="],
  }
}
